// !$*UTF8*$!
{
	archiveVersion = 1;
	classes = {
	};
	objectVersion = 55;
	objects = {

/* Begin PBXBuildFile section */
		9B072E972891929C0046CBBE /* AppDelegate.swift in Sources */ = {isa = PBXBuildFile; fileRef = 9B072E962891929C0046CBBE /* AppDelegate.swift */; };
		9B072E992891929C0046CBBE /* SceneDelegate.swift in Sources */ = {isa = PBXBuildFile; fileRef = 9B072E982891929C0046CBBE /* SceneDelegate.swift */; };
		9B072E9B2891929C0046CBBE /* PhotosViewController.swift in Sources */ = {isa = PBXBuildFile; fileRef = 9B072E9A2891929C0046CBBE /* PhotosViewController.swift */; };
		9B072E9E2891929C0046CBBE /* Main.storyboard in Resources */ = {isa = PBXBuildFile; fileRef = 9B072E9C2891929C0046CBBE /* Main.storyboard */; };
		9B072EA02891929D0046CBBE /* Assets.xcassets in Resources */ = {isa = PBXBuildFile; fileRef = 9B072E9F2891929D0046CBBE /* Assets.xcassets */; };
		9B072EA32891929D0046CBBE /* LaunchScreen.storyboard in Resources */ = {isa = PBXBuildFile; fileRef = 9B072EA12891929D0046CBBE /* LaunchScreen.storyboard */; };
		9B072EAE2891929D0046CBBE /* PhotoramaTests.swift in Sources */ = {isa = PBXBuildFile; fileRef = 9B072EAD2891929D0046CBBE /* PhotoramaTests.swift */; };
		9B072EB82891929D0046CBBE /* PhotoramaUITests.swift in Sources */ = {isa = PBXBuildFile; fileRef = 9B072EB72891929D0046CBBE /* PhotoramaUITests.swift */; };
		9B072EBA2891929D0046CBBE /* PhotoramaUITestsLaunchTests.swift in Sources */ = {isa = PBXBuildFile; fileRef = 9B072EB92891929D0046CBBE /* PhotoramaUITestsLaunchTests.swift */; };
		9B072EC72891B1E10046CBBE /* FlickrAPI.swift in Sources */ = {isa = PBXBuildFile; fileRef = 9B072EC62891B1E10046CBBE /* FlickrAPI.swift */; };
		9B072EC92891C0680046CBBE /* PhotoStore.swift in Sources */ = {isa = PBXBuildFile; fileRef = 9B072EC82891C0680046CBBE /* PhotoStore.swift */; };
		9B072ECB2891D9C60046CBBE /* Photo.swift in Sources */ = {isa = PBXBuildFile; fileRef = 9B072ECA2891D9C60046CBBE /* Photo.swift */; };
/* End PBXBuildFile section */

/* Begin PBXContainerItemProxy section */
		9B072EAA2891929D0046CBBE /* PBXContainerItemProxy */ = {
			isa = PBXContainerItemProxy;
			containerPortal = 9B072E8B2891929C0046CBBE /* Project object */;
			proxyType = 1;
			remoteGlobalIDString = 9B072E922891929C0046CBBE;
			remoteInfo = Photorama;
		};
		9B072EB42891929D0046CBBE /* PBXContainerItemProxy */ = {
			isa = PBXContainerItemProxy;
			containerPortal = 9B072E8B2891929C0046CBBE /* Project object */;
			proxyType = 1;
			remoteGlobalIDString = 9B072E922891929C0046CBBE;
			remoteInfo = Photorama;
		};
/* End PBXContainerItemProxy section */

/* Begin PBXFileReference section */
		9B072E932891929C0046CBBE /* Photorama.app */ = {isa = PBXFileReference; explicitFileType = wrapper.application; includeInIndex = 0; path = Photorama.app; sourceTree = BUILT_PRODUCTS_DIR; };
		9B072E962891929C0046CBBE /* AppDelegate.swift */ = {isa = PBXFileReference; lastKnownFileType = sourcecode.swift; path = AppDelegate.swift; sourceTree = "<group>"; };
		9B072E982891929C0046CBBE /* SceneDelegate.swift */ = {isa = PBXFileReference; lastKnownFileType = sourcecode.swift; path = SceneDelegate.swift; sourceTree = "<group>"; };
		9B072E9A2891929C0046CBBE /* PhotosViewController.swift */ = {isa = PBXFileReference; lastKnownFileType = sourcecode.swift; path = PhotosViewController.swift; sourceTree = "<group>"; };
		9B072E9D2891929C0046CBBE /* Base */ = {isa = PBXFileReference; lastKnownFileType = file.storyboard; name = Base; path = Base.lproj/Main.storyboard; sourceTree = "<group>"; };
		9B072E9F2891929D0046CBBE /* Assets.xcassets */ = {isa = PBXFileReference; lastKnownFileType = folder.assetcatalog; path = Assets.xcassets; sourceTree = "<group>"; };
		9B072EA22891929D0046CBBE /* Base */ = {isa = PBXFileReference; lastKnownFileType = file.storyboard; name = Base; path = Base.lproj/LaunchScreen.storyboard; sourceTree = "<group>"; };
		9B072EA42891929D0046CBBE /* Info.plist */ = {isa = PBXFileReference; lastKnownFileType = text.plist.xml; path = Info.plist; sourceTree = "<group>"; };
		9B072EA92891929D0046CBBE /* PhotoramaTests.xctest */ = {isa = PBXFileReference; explicitFileType = wrapper.cfbundle; includeInIndex = 0; path = PhotoramaTests.xctest; sourceTree = BUILT_PRODUCTS_DIR; };
		9B072EAD2891929D0046CBBE /* PhotoramaTests.swift */ = {isa = PBXFileReference; lastKnownFileType = sourcecode.swift; path = PhotoramaTests.swift; sourceTree = "<group>"; };
		9B072EB32891929D0046CBBE /* PhotoramaUITests.xctest */ = {isa = PBXFileReference; explicitFileType = wrapper.cfbundle; includeInIndex = 0; path = PhotoramaUITests.xctest; sourceTree = BUILT_PRODUCTS_DIR; };
		9B072EB72891929D0046CBBE /* PhotoramaUITests.swift */ = {isa = PBXFileReference; lastKnownFileType = sourcecode.swift; path = PhotoramaUITests.swift; sourceTree = "<group>"; };
		9B072EB92891929D0046CBBE /* PhotoramaUITestsLaunchTests.swift */ = {isa = PBXFileReference; lastKnownFileType = sourcecode.swift; path = PhotoramaUITestsLaunchTests.swift; sourceTree = "<group>"; };
		9B072EC62891B1E10046CBBE /* FlickrAPI.swift */ = {isa = PBXFileReference; lastKnownFileType = sourcecode.swift; path = FlickrAPI.swift; sourceTree = "<group>"; };
		9B072EC82891C0680046CBBE /* PhotoStore.swift */ = {isa = PBXFileReference; lastKnownFileType = sourcecode.swift; path = PhotoStore.swift; sourceTree = "<group>"; };
		9B072ECA2891D9C60046CBBE /* Photo.swift */ = {isa = PBXFileReference; lastKnownFileType = sourcecode.swift; path = Photo.swift; sourceTree = "<group>"; };
/* End PBXFileReference section */

/* Begin PBXFrameworksBuildPhase section */
		9B072E902891929C0046CBBE /* Frameworks */ = {
			isa = PBXFrameworksBuildPhase;
			buildActionMask = 2147483647;
			files = (
			);
			runOnlyForDeploymentPostprocessing = 0;
		};
		9B072EA62891929D0046CBBE /* Frameworks */ = {
			isa = PBXFrameworksBuildPhase;
			buildActionMask = 2147483647;
			files = (
			);
			runOnlyForDeploymentPostprocessing = 0;
		};
		9B072EB02891929D0046CBBE /* Frameworks */ = {
			isa = PBXFrameworksBuildPhase;
			buildActionMask = 2147483647;
			files = (
			);
			runOnlyForDeploymentPostprocessing = 0;
		};
/* End PBXFrameworksBuildPhase section */

/* Begin PBXGroup section */
		9B072E8A2891929C0046CBBE = {
			isa = PBXGroup;
			children = (
				9B072E952891929C0046CBBE /* Photorama */,
				9B072EAC2891929D0046CBBE /* PhotoramaTests */,
				9B072EB62891929D0046CBBE /* PhotoramaUITests */,
				9B072E942891929C0046CBBE /* Products */,
			);
			sourceTree = "<group>";
		};
		9B072E942891929C0046CBBE /* Products */ = {
			isa = PBXGroup;
			children = (
				9B072E932891929C0046CBBE /* Photorama.app */,
				9B072EA92891929D0046CBBE /* PhotoramaTests.xctest */,
				9B072EB32891929D0046CBBE /* PhotoramaUITests.xctest */,
			);
			name = Products;
			sourceTree = "<group>";
		};
		9B072E952891929C0046CBBE /* Photorama */ = {
			isa = PBXGroup;
			children = (
				9B072E962891929C0046CBBE /* AppDelegate.swift */,
				9B072E982891929C0046CBBE /* SceneDelegate.swift */,
				9B072E9A2891929C0046CBBE /* PhotosViewController.swift */,
				9B072E9C2891929C0046CBBE /* Main.storyboard */,
				9B072EC62891B1E10046CBBE /* FlickrAPI.swift */,
				9B072E9F2891929D0046CBBE /* Assets.xcassets */,
				9B072EC82891C0680046CBBE /* PhotoStore.swift */,
				9B072ECA2891D9C60046CBBE /* Photo.swift */,
				9B072EA12891929D0046CBBE /* LaunchScreen.storyboard */,
				9B072EA42891929D0046CBBE /* Info.plist */,
			);
			path = Photorama;
			sourceTree = "<group>";
		};
		9B072EAC2891929D0046CBBE /* PhotoramaTests */ = {
			isa = PBXGroup;
			children = (
				9B072EAD2891929D0046CBBE /* PhotoramaTests.swift */,
			);
			path = PhotoramaTests;
			sourceTree = "<group>";
		};
		9B072EB62891929D0046CBBE /* PhotoramaUITests */ = {
			isa = PBXGroup;
			children = (
				9B072EB72891929D0046CBBE /* PhotoramaUITests.swift */,
				9B072EB92891929D0046CBBE /* PhotoramaUITestsLaunchTests.swift */,
			);
			path = PhotoramaUITests;
			sourceTree = "<group>";
		};
/* End PBXGroup section */

/* Begin PBXNativeTarget section */
		9B072E922891929C0046CBBE /* Photorama */ = {
			isa = PBXNativeTarget;
			buildConfigurationList = 9B072EBD2891929D0046CBBE /* Build configuration list for PBXNativeTarget "Photorama" */;
			buildPhases = (
				9B072E8F2891929C0046CBBE /* Sources */,
				9B072E902891929C0046CBBE /* Frameworks */,
				9B072E912891929C0046CBBE /* Resources */,
			);
			buildRules = (
			);
			dependencies = (
			);
			name = Photorama;
			productName = Photorama;
			productReference = 9B072E932891929C0046CBBE /* Photorama.app */;
			productType = "com.apple.product-type.application";
		};
		9B072EA82891929D0046CBBE /* PhotoramaTests */ = {
			isa = PBXNativeTarget;
			buildConfigurationList = 9B072EC02891929D0046CBBE /* Build configuration list for PBXNativeTarget "PhotoramaTests" */;
			buildPhases = (
				9B072EA52891929D0046CBBE /* Sources */,
				9B072EA62891929D0046CBBE /* Frameworks */,
				9B072EA72891929D0046CBBE /* Resources */,
			);
			buildRules = (
			);
			dependencies = (
				9B072EAB2891929D0046CBBE /* PBXTargetDependency */,
			);
			name = PhotoramaTests;
			productName = PhotoramaTests;
			productReference = 9B072EA92891929D0046CBBE /* PhotoramaTests.xctest */;
			productType = "com.apple.product-type.bundle.unit-test";
		};
		9B072EB22891929D0046CBBE /* PhotoramaUITests */ = {
			isa = PBXNativeTarget;
			buildConfigurationList = 9B072EC32891929D0046CBBE /* Build configuration list for PBXNativeTarget "PhotoramaUITests" */;
			buildPhases = (
				9B072EAF2891929D0046CBBE /* Sources */,
				9B072EB02891929D0046CBBE /* Frameworks */,
				9B072EB12891929D0046CBBE /* Resources */,
			);
			buildRules = (
			);
			dependencies = (
				9B072EB52891929D0046CBBE /* PBXTargetDependency */,
			);
			name = PhotoramaUITests;
			productName = PhotoramaUITests;
			productReference = 9B072EB32891929D0046CBBE /* PhotoramaUITests.xctest */;
			productType = "com.apple.product-type.bundle.ui-testing";
		};
/* End PBXNativeTarget section */

/* Begin PBXProject section */
		9B072E8B2891929C0046CBBE /* Project object */ = {
			isa = PBXProject;
			attributes = {
				BuildIndependentTargetsInParallel = 1;
				LastSwiftUpdateCheck = 1340;
				LastUpgradeCheck = 1340;
				TargetAttributes = {
					9B072E922891929C0046CBBE = {
						CreatedOnToolsVersion = 13.4.1;
					};
					9B072EA82891929D0046CBBE = {
						CreatedOnToolsVersion = 13.4.1;
						TestTargetID = 9B072E922891929C0046CBBE;
					};
					9B072EB22891929D0046CBBE = {
						CreatedOnToolsVersion = 13.4.1;
						TestTargetID = 9B072E922891929C0046CBBE;
					};
				};
			};
			buildConfigurationList = 9B072E8E2891929C0046CBBE /* Build configuration list for PBXProject "Photorama" */;
			compatibilityVersion = "Xcode 13.0";
			developmentRegion = en;
			hasScannedForEncodings = 0;
			knownRegions = (
				en,
				Base,
			);
			mainGroup = 9B072E8A2891929C0046CBBE;
			productRefGroup = 9B072E942891929C0046CBBE /* Products */;
			projectDirPath = "";
			projectRoot = "";
			targets = (
				9B072E922891929C0046CBBE /* Photorama */,
				9B072EA82891929D0046CBBE /* PhotoramaTests */,
				9B072EB22891929D0046CBBE /* PhotoramaUITests */,
			);
		};
/* End PBXProject section */

/* Begin PBXResourcesBuildPhase section */
		9B072E912891929C0046CBBE /* Resources */ = {
			isa = PBXResourcesBuildPhase;
			buildActionMask = 2147483647;
			files = (
				9B072EA32891929D0046CBBE /* LaunchScreen.storyboard in Resources */,
				9B072EA02891929D0046CBBE /* Assets.xcassets in Resources */,
				9B072E9E2891929C0046CBBE /* Main.storyboard in Resources */,
			);
			runOnlyForDeploymentPostprocessing = 0;
		};
		9B072EA72891929D0046CBBE /* Resources */ = {
			isa = PBXResourcesBuildPhase;
			buildActionMask = 2147483647;
			files = (
			);
			runOnlyForDeploymentPostprocessing = 0;
		};
		9B072EB12891929D0046CBBE /* Resources */ = {
			isa = PBXResourcesBuildPhase;
			buildActionMask = 2147483647;
			files = (
			);
			runOnlyForDeploymentPostprocessing = 0;
		};
/* End PBXResourcesBuildPhase section */

/* Begin PBXSourcesBuildPhase section */
		9B072E8F2891929C0046CBBE /* Sources */ = {
			isa = PBXSourcesBuildPhase;
			buildActionMask = 2147483647;
			files = (
				9B072ECB2891D9C60046CBBE /* Photo.swift in Sources */,
				9B072EC92891C0680046CBBE /* PhotoStore.swift in Sources */,
				9B072E9B2891929C0046CBBE /* PhotosViewController.swift in Sources */,
				9B072E972891929C0046CBBE /* AppDelegate.swift in Sources */,
				9B072E992891929C0046CBBE /* SceneDelegate.swift in Sources */,
				9B072EC72891B1E10046CBBE /* FlickrAPI.swift in Sources */,
			);
			runOnlyForDeploymentPostprocessing = 0;
		};
		9B072EA52891929D0046CBBE /* Sources */ = {
			isa = PBXSourcesBuildPhase;
			buildActionMask = 2147483647;
			files = (
				9B072EAE2891929D0046CBBE /* PhotoramaTests.swift in Sources */,
			);
			runOnlyForDeploymentPostprocessing = 0;
		};
		9B072EAF2891929D0046CBBE /* Sources */ = {
			isa = PBXSourcesBuildPhase;
			buildActionMask = 2147483647;
			files = (
				9B072EBA2891929D0046CBBE /* PhotoramaUITestsLaunchTests.swift in Sources */,
				9B072EB82891929D0046CBBE /* PhotoramaUITests.swift in Sources */,
			);
			runOnlyForDeploymentPostprocessing = 0;
		};
/* End PBXSourcesBuildPhase section */

/* Begin PBXTargetDependency section */
		9B072EAB2891929D0046CBBE /* PBXTargetDependency */ = {
			isa = PBXTargetDependency;
			target = 9B072E922891929C0046CBBE /* Photorama */;
			targetProxy = 9B072EAA2891929D0046CBBE /* PBXContainerItemProxy */;
		};
		9B072EB52891929D0046CBBE /* PBXTargetDependency */ = {
			isa = PBXTargetDependency;
			target = 9B072E922891929C0046CBBE /* Photorama */;
			targetProxy = 9B072EB42891929D0046CBBE /* PBXContainerItemProxy */;
		};
/* End PBXTargetDependency section */

/* Begin PBXVariantGroup section */
		9B072E9C2891929C0046CBBE /* Main.storyboard */ = {
			isa = PBXVariantGroup;
			children = (
				9B072E9D2891929C0046CBBE /* Base */,
			);
			name = Main.storyboard;
			sourceTree = "<group>";
		};
		9B072EA12891929D0046CBBE /* LaunchScreen.storyboard */ = {
			isa = PBXVariantGroup;
			children = (
				9B072EA22891929D0046CBBE /* Base */,
			);
			name = LaunchScreen.storyboard;
			sourceTree = "<group>";
		};
/* End PBXVariantGroup section */

/* Begin XCBuildConfiguration section */
		9B072EBB2891929D0046CBBE /* Debug */ = {
			isa = XCBuildConfiguration;
			buildSettings = {
				ALWAYS_SEARCH_USER_PATHS = NO;
				CLANG_ANALYZER_NONNULL = YES;
				CLANG_ANALYZER_NUMBER_OBJECT_CONVERSION = YES_AGGRESSIVE;
				CLANG_CXX_LANGUAGE_STANDARD = "gnu++17";
				CLANG_ENABLE_MODULES = YES;
				CLANG_ENABLE_OBJC_ARC = YES;
				CLANG_ENABLE_OBJC_WEAK = YES;
				CLANG_WARN_BLOCK_CAPTURE_AUTORELEASING = YES;
				CLANG_WARN_BOOL_CONVERSION = YES;
				CLANG_WARN_COMMA = YES;
				CLANG_WARN_CONSTANT_CONVERSION = YES;
				CLANG_WARN_DEPRECATED_OBJC_IMPLEMENTATIONS = YES;
				CLANG_WARN_DIRECT_OBJC_ISA_USAGE = YES_ERROR;
				CLANG_WARN_DOCUMENTATION_COMMENTS = YES;
				CLANG_WARN_EMPTY_BODY = YES;
				CLANG_WARN_ENUM_CONVERSION = YES;
				CLANG_WARN_INFINITE_RECURSION = YES;
				CLANG_WARN_INT_CONVERSION = YES;
				CLANG_WARN_NON_LITERAL_NULL_CONVERSION = YES;
				CLANG_WARN_OBJC_IMPLICIT_RETAIN_SELF = YES;
				CLANG_WARN_OBJC_LITERAL_CONVERSION = YES;
				CLANG_WARN_OBJC_ROOT_CLASS = YES_ERROR;
				CLANG_WARN_QUOTED_INCLUDE_IN_FRAMEWORK_HEADER = YES;
				CLANG_WARN_RANGE_LOOP_ANALYSIS = YES;
				CLANG_WARN_STRICT_PROTOTYPES = YES;
				CLANG_WARN_SUSPICIOUS_MOVE = YES;
				CLANG_WARN_UNGUARDED_AVAILABILITY = YES_AGGRESSIVE;
				CLANG_WARN_UNREACHABLE_CODE = YES;
				CLANG_WARN__DUPLICATE_METHOD_MATCH = YES;
				COPY_PHASE_STRIP = NO;
				DEBUG_INFORMATION_FORMAT = dwarf;
				ENABLE_STRICT_OBJC_MSGSEND = YES;
				ENABLE_TESTABILITY = YES;
				GCC_C_LANGUAGE_STANDARD = gnu11;
				GCC_DYNAMIC_NO_PIC = NO;
				GCC_NO_COMMON_BLOCKS = YES;
				GCC_OPTIMIZATION_LEVEL = 0;
				GCC_PREPROCESSOR_DEFINITIONS = (
					"DEBUG=1",
					"$(inherited)",
				);
				GCC_WARN_64_TO_32_BIT_CONVERSION = YES;
				GCC_WARN_ABOUT_RETURN_TYPE = YES_ERROR;
				GCC_WARN_UNDECLARED_SELECTOR = YES;
				GCC_WARN_UNINITIALIZED_AUTOS = YES_AGGRESSIVE;
				GCC_WARN_UNUSED_FUNCTION = YES;
				GCC_WARN_UNUSED_VARIABLE = YES;
				IPHONEOS_DEPLOYMENT_TARGET = 15.5;
				MTL_ENABLE_DEBUG_INFO = INCLUDE_SOURCE;
				MTL_FAST_MATH = YES;
				ONLY_ACTIVE_ARCH = YES;
				SDKROOT = iphoneos;
				SWIFT_ACTIVE_COMPILATION_CONDITIONS = DEBUG;
				SWIFT_OPTIMIZATION_LEVEL = "-Onone";
			};
			name = Debug;
		};
		9B072EBC2891929D0046CBBE /* Release */ = {
			isa = XCBuildConfiguration;
			buildSettings = {
				ALWAYS_SEARCH_USER_PATHS = NO;
				CLANG_ANALYZER_NONNULL = YES;
				CLANG_ANALYZER_NUMBER_OBJECT_CONVERSION = YES_AGGRESSIVE;
				CLANG_CXX_LANGUAGE_STANDARD = "gnu++17";
				CLANG_ENABLE_MODULES = YES;
				CLANG_ENABLE_OBJC_ARC = YES;
				CLANG_ENABLE_OBJC_WEAK = YES;
				CLANG_WARN_BLOCK_CAPTURE_AUTORELEASING = YES;
				CLANG_WARN_BOOL_CONVERSION = YES;
				CLANG_WARN_COMMA = YES;
				CLANG_WARN_CONSTANT_CONVERSION = YES;
				CLANG_WARN_DEPRECATED_OBJC_IMPLEMENTATIONS = YES;
				CLANG_WARN_DIRECT_OBJC_ISA_USAGE = YES_ERROR;
				CLANG_WARN_DOCUMENTATION_COMMENTS = YES;
				CLANG_WARN_EMPTY_BODY = YES;
				CLANG_WARN_ENUM_CONVERSION = YES;
				CLANG_WARN_INFINITE_RECURSION = YES;
				CLANG_WARN_INT_CONVERSION = YES;
				CLANG_WARN_NON_LITERAL_NULL_CONVERSION = YES;
				CLANG_WARN_OBJC_IMPLICIT_RETAIN_SELF = YES;
				CLANG_WARN_OBJC_LITERAL_CONVERSION = YES;
				CLANG_WARN_OBJC_ROOT_CLASS = YES_ERROR;
				CLANG_WARN_QUOTED_INCLUDE_IN_FRAMEWORK_HEADER = YES;
				CLANG_WARN_RANGE_LOOP_ANALYSIS = YES;
				CLANG_WARN_STRICT_PROTOTYPES = YES;
				CLANG_WARN_SUSPICIOUS_MOVE = YES;
				CLANG_WARN_UNGUARDED_AVAILABILITY = YES_AGGRESSIVE;
				CLANG_WARN_UNREACHABLE_CODE = YES;
				CLANG_WARN__DUPLICATE_METHOD_MATCH = YES;
				COPY_PHASE_STRIP = NO;
				DEBUG_INFORMATION_FORMAT = "dwarf-with-dsym";
				ENABLE_NS_ASSERTIONS = NO;
				ENABLE_STRICT_OBJC_MSGSEND = YES;
				GCC_C_LANGUAGE_STANDARD = gnu11;
				GCC_NO_COMMON_BLOCKS = YES;
				GCC_WARN_64_TO_32_BIT_CONVERSION = YES;
				GCC_WARN_ABOUT_RETURN_TYPE = YES_ERROR;
				GCC_WARN_UNDECLARED_SELECTOR = YES;
				GCC_WARN_UNINITIALIZED_AUTOS = YES_AGGRESSIVE;
				GCC_WARN_UNUSED_FUNCTION = YES;
				GCC_WARN_UNUSED_VARIABLE = YES;
				IPHONEOS_DEPLOYMENT_TARGET = 15.5;
				MTL_ENABLE_DEBUG_INFO = NO;
				MTL_FAST_MATH = YES;
				SDKROOT = iphoneos;
				SWIFT_COMPILATION_MODE = wholemodule;
				SWIFT_OPTIMIZATION_LEVEL = "-O";
				VALIDATE_PRODUCT = YES;
			};
			name = Release;
		};
		9B072EBE2891929D0046CBBE /* Debug */ = {
			isa = XCBuildConfiguration;
			buildSettings = {
				ASSETCATALOG_COMPILER_APPICON_NAME = AppIcon;
				ASSETCATALOG_COMPILER_GLOBAL_ACCENT_COLOR_NAME = AccentColor;
				CODE_SIGN_STYLE = Automatic;
				CURRENT_PROJECT_VERSION = 1;
				GENERATE_INFOPLIST_FILE = YES;
				INFOPLIST_FILE = Photorama/Info.plist;
				INFOPLIST_KEY_UIApplicationSupportsIndirectInputEvents = YES;
				INFOPLIST_KEY_UILaunchStoryboardName = LaunchScreen;
				INFOPLIST_KEY_UIMainStoryboardFile = Main;
				INFOPLIST_KEY_UISupportedInterfaceOrientations_iPad = "UIInterfaceOrientationPortrait UIInterfaceOrientationPortraitUpsideDown UIInterfaceOrientationLandscapeLeft UIInterfaceOrientationLandscapeRight";
				INFOPLIST_KEY_UISupportedInterfaceOrientations_iPhone = "UIInterfaceOrientationPortrait UIInterfaceOrientationLandscapeLeft UIInterfaceOrientationLandscapeRight";
				LD_RUNPATH_SEARCH_PATHS = (
					"$(inherited)",
					"@executable_path/Frameworks",
				);
				MARKETING_VERSION = 1.0;
				PRODUCT_BUNDLE_IDENTIFIER = com.aopa.Photorama;
				PRODUCT_NAME = "$(TARGET_NAME)";
				SWIFT_EMIT_LOC_STRINGS = YES;
				SWIFT_VERSION = 5.0;
				TARGETED_DEVICE_FAMILY = "1,2";
			};
			name = Debug;
		};
		9B072EBF2891929D0046CBBE /* Release */ = {
			isa = XCBuildConfiguration;
			buildSettings = {
				ASSETCATALOG_COMPILER_APPICON_NAME = AppIcon;
				ASSETCATALOG_COMPILER_GLOBAL_ACCENT_COLOR_NAME = AccentColor;
				CODE_SIGN_STYLE = Automatic;
				CURRENT_PROJECT_VERSION = 1;
				GENERATE_INFOPLIST_FILE = YES;
				INFOPLIST_FILE = Photorama/Info.plist;
				INFOPLIST_KEY_UIApplicationSupportsIndirectInputEvents = YES;
				INFOPLIST_KEY_UILaunchStoryboardName = LaunchScreen;
				INFOPLIST_KEY_UIMainStoryboardFile = Main;
				INFOPLIST_KEY_UISupportedInterfaceOrientations_iPad = "UIInterfaceOrientationPortrait UIInterfaceOrientationPortraitUpsideDown UIInterfaceOrientationLandscapeLeft UIInterfaceOrientationLandscapeRight";
				INFOPLIST_KEY_UISupportedInterfaceOrientations_iPhone = "UIInterfaceOrientationPortrait UIInterfaceOrientationLandscapeLeft UIInterfaceOrientationLandscapeRight";
				LD_RUNPATH_SEARCH_PATHS = (
					"$(inherited)",
					"@executable_path/Frameworks",
				);
				MARKETING_VERSION = 1.0;
				PRODUCT_BUNDLE_IDENTIFIER = com.aopa.Photorama;
				PRODUCT_NAME = "$(TARGET_NAME)";
				SWIFT_EMIT_LOC_STRINGS = YES;
				SWIFT_VERSION = 5.0;
				TARGETED_DEVICE_FAMILY = "1,2";
			};
			name = Release;
		};
		9B072EC12891929D0046CBBE /* Debug */ = {
			isa = XCBuildConfiguration;
			buildSettings = {
				ALWAYS_EMBED_SWIFT_STANDARD_LIBRARIES = YES;
				BUNDLE_LOADER = "$(TEST_HOST)";
				CODE_SIGN_STYLE = Automatic;
				CURRENT_PROJECT_VERSION = 1;
				GENERATE_INFOPLIST_FILE = YES;
				IPHONEOS_DEPLOYMENT_TARGET = 15.5;
				MARKETING_VERSION = 1.0;
				PRODUCT_BUNDLE_IDENTIFIER = com.aopa.PhotoramaTests;
				PRODUCT_NAME = "$(TARGET_NAME)";
				SWIFT_EMIT_LOC_STRINGS = NO;
				SWIFT_VERSION = 5.0;
				TARGETED_DEVICE_FAMILY = "1,2";
				TEST_HOST = "$(BUILT_PRODUCTS_DIR)/Photorama.app/Photorama";
			};
			name = Debug;
		};
		9B072EC22891929D0046CBBE /* Release */ = {
			isa = XCBuildConfiguration;
			buildSettings = {
				ALWAYS_EMBED_SWIFT_STANDARD_LIBRARIES = YES;
				BUNDLE_LOADER = "$(TEST_HOST)";
				CODE_SIGN_STYLE = Automatic;
				CURRENT_PROJECT_VERSION = 1;
				GENERATE_INFOPLIST_FILE = YES;
				IPHONEOS_DEPLOYMENT_TARGET = 15.5;
				MARKETING_VERSION = 1.0;
				PRODUCT_BUNDLE_IDENTIFIER = com.aopa.PhotoramaTests;
				PRODUCT_NAME = "$(TARGET_NAME)";
				SWIFT_EMIT_LOC_STRINGS = NO;
				SWIFT_VERSION = 5.0;
				TARGETED_DEVICE_FAMILY = "1,2";
				TEST_HOST = "$(BUILT_PRODUCTS_DIR)/Photorama.app/Photorama";
			};
			name = Release;
		};
		9B072EC42891929D0046CBBE /* Debug */ = {
			isa = XCBuildConfiguration;
			buildSettings = {
				ALWAYS_EMBED_SWIFT_STANDARD_LIBRARIES = YES;
				CODE_SIGN_STYLE = Automatic;
				CURRENT_PROJECT_VERSION = 1;
				GENERATE_INFOPLIST_FILE = YES;
				MARKETING_VERSION = 1.0;
				PRODUCT_BUNDLE_IDENTIFIER = com.aopa.PhotoramaUITests;
				PRODUCT_NAME = "$(TARGET_NAME)";
				SWIFT_EMIT_LOC_STRINGS = NO;
				SWIFT_VERSION = 5.0;
				TARGETED_DEVICE_FAMILY = "1,2";
				TEST_TARGET_NAME = Photorama;
			};
			name = Debug;
		};
		9B072EC52891929D0046CBBE /* Release */ = {
			isa = XCBuildConfiguration;
			buildSettings = {
				ALWAYS_EMBED_SWIFT_STANDARD_LIBRARIES = YES;
				CODE_SIGN_STYLE = Automatic;
				CURRENT_PROJECT_VERSION = 1;
				GENERATE_INFOPLIST_FILE = YES;
				MARKETING_VERSION = 1.0;
				PRODUCT_BUNDLE_IDENTIFIER = com.aopa.PhotoramaUITests;
				PRODUCT_NAME = "$(TARGET_NAME)";
				SWIFT_EMIT_LOC_STRINGS = NO;
				SWIFT_VERSION = 5.0;
				TARGETED_DEVICE_FAMILY = "1,2";
				TEST_TARGET_NAME = Photorama;
			};
			name = Release;
		};
/* End XCBuildConfiguration section */

/* Begin XCConfigurationList section */
		9B072E8E2891929C0046CBBE /* Build configuration list for PBXProject "Photorama" */ = {
			isa = XCConfigurationList;
			buildConfigurations = (
				9B072EBB2891929D0046CBBE /* Debug */,
				9B072EBC2891929D0046CBBE /* Release */,
			);
			defaultConfigurationIsVisible = 0;
			defaultConfigurationName = Release;
		};
		9B072EBD2891929D0046CBBE /* Build configuration list for PBXNativeTarget "Photorama" */ = {
			isa = XCConfigurationList;
			buildConfigurations = (
				9B072EBE2891929D0046CBBE /* Debug */,
				9B072EBF2891929D0046CBBE /* Release */,
			);
			defaultConfigurationIsVisible = 0;
			defaultConfigurationName = Release;
		};
		9B072EC02891929D0046CBBE /* Build configuration list for PBXNativeTarget "PhotoramaTests" */ = {
			isa = XCConfigurationList;
			buildConfigurations = (
				9B072EC12891929D0046CBBE /* Debug */,
				9B072EC22891929D0046CBBE /* Release */,
			);
			defaultConfigurationIsVisible = 0;
			defaultConfigurationName = Release;
		};
		9B072EC32891929D0046CBBE /* Build configuration list for PBXNativeTarget "PhotoramaUITests" */ = {
			isa = XCConfigurationList;
			buildConfigurations = (
				9B072EC42891929D0046CBBE /* Debug */,
				9B072EC52891929D0046CBBE /* Release */,
			);
			defaultConfigurationIsVisible = 0;
			defaultConfigurationName = Release;
		};
/* End XCConfigurationList section */
	};
	rootObject = 9B072E8B2891929C0046CBBE /* Project object */;
}
